// !$*UTF8*$!
{
	archiveVersion = 1;
	classes = {
	};
	objectVersion = 55;
	objects = {

/* Begin PBXBuildFile section */
		4ABC6DA22892267A009902A7 /* AppDelegate.swift in Sources */ = {isa = PBXBuildFile; fileRef = 4ABC6DA12892267A009902A7 /* AppDelegate.swift */; };
		4ABC6DA42892267A009902A7 /* SceneDelegate.swift in Sources */ = {isa = PBXBuildFile; fileRef = 4ABC6DA32892267A009902A7 /* SceneDelegate.swift */; };
		4ABC6DA92892267A009902A7 /* Main.storyboard in Resources */ = {isa = PBXBuildFile; fileRef = 4ABC6DA72892267A009902A7 /* Main.storyboard */; };
		4ABC6DAB2892267B009902A7 /* Assets.xcassets in Resources */ = {isa = PBXBuildFile; fileRef = 4ABC6DAA2892267B009902A7 /* Assets.xcassets */; };
		4ABC6DAE2892267B009902A7 /* LaunchScreen.storyboard in Resources */ = {isa = PBXBuildFile; fileRef = 4ABC6DAC2892267B009902A7 /* LaunchScreen.storyboard */; };
		4ABC6DBA28922BED009902A7 /* OnboardingViewController.swift in Sources */ = {isa = PBXBuildFile; fileRef = 4ABC6DB928922BEC009902A7 /* OnboardingViewController.swift */; };
		4ABC6DBD28922E62009902A7 /* UIView+Extension.swift in Sources */ = {isa = PBXBuildFile; fileRef = 4ABC6DBC28922E62009902A7 /* UIView+Extension.swift */; };
		4ABC6DBF28922F1A009902A7 /* OnboardingSlide.swift in Sources */ = {isa = PBXBuildFile; fileRef = 4ABC6DBE28922F1A009902A7 /* OnboardingSlide.swift */; };
		4ABC6DC12892323D009902A7 /* OnboardingCollectionViewCell.swift in Sources */ = {isa = PBXBuildFile; fileRef = 4ABC6DC02892323D009902A7 /* OnboardingCollectionViewCell.swift */; };
		4ABC6DC428925ADF009902A7 /* HomeViewController.swift in Sources */ = {isa = PBXBuildFile; fileRef = 4ABC6DC328925ADF009902A7 /* HomeViewController.swift */; };
/* End PBXBuildFile section */

/* Begin PBXFileReference section */
		4ABC6D9E2892267A009902A7 /* Tour.it.app */ = {isa = PBXFileReference; explicitFileType = wrapper.application; includeInIndex = 0; path = Tour.it.app; sourceTree = BUILT_PRODUCTS_DIR; };
		4ABC6DA12892267A009902A7 /* AppDelegate.swift */ = {isa = PBXFileReference; lastKnownFileType = sourcecode.swift; path = AppDelegate.swift; sourceTree = "<group>"; };
		4ABC6DA32892267A009902A7 /* SceneDelegate.swift */ = {isa = PBXFileReference; lastKnownFileType = sourcecode.swift; path = SceneDelegate.swift; sourceTree = "<group>"; };
		4ABC6DA82892267A009902A7 /* Base */ = {isa = PBXFileReference; lastKnownFileType = file.storyboard; name = Base; path = Base.lproj/Main.storyboard; sourceTree = "<group>"; };
		4ABC6DAA2892267B009902A7 /* Assets.xcassets */ = {isa = PBXFileReference; lastKnownFileType = folder.assetcatalog; path = Assets.xcassets; sourceTree = "<group>"; };
		4ABC6DAD2892267B009902A7 /* Base */ = {isa = PBXFileReference; lastKnownFileType = file.storyboard; name = Base; path = Base.lproj/LaunchScreen.storyboard; sourceTree = "<group>"; };
		4ABC6DAF2892267B009902A7 /* Info.plist */ = {isa = PBXFileReference; lastKnownFileType = text.plist.xml; path = Info.plist; sourceTree = "<group>"; };
		4ABC6DB928922BEC009902A7 /* OnboardingViewController.swift */ = {isa = PBXFileReference; lastKnownFileType = sourcecode.swift; path = OnboardingViewController.swift; sourceTree = "<group>"; };
		4ABC6DBC28922E62009902A7 /* UIView+Extension.swift */ = {isa = PBXFileReference; lastKnownFileType = sourcecode.swift; path = "UIView+Extension.swift"; sourceTree = "<group>"; };
		4ABC6DBE28922F1A009902A7 /* OnboardingSlide.swift */ = {isa = PBXFileReference; lastKnownFileType = sourcecode.swift; path = OnboardingSlide.swift; sourceTree = "<group>"; };
		4ABC6DC02892323D009902A7 /* OnboardingCollectionViewCell.swift */ = {isa = PBXFileReference; lastKnownFileType = sourcecode.swift; path = OnboardingCollectionViewCell.swift; sourceTree = "<group>"; };
		4ABC6DC328925ADF009902A7 /* HomeViewController.swift */ = {isa = PBXFileReference; lastKnownFileType = sourcecode.swift; path = HomeViewController.swift; sourceTree = "<group>"; };
/* End PBXFileReference section */

/* Begin PBXFrameworksBuildPhase section */
		4ABC6D9B2892267A009902A7 /* Frameworks */ = {
			isa = PBXFrameworksBuildPhase;
			buildActionMask = 2147483647;
			files = (
			);
			runOnlyForDeploymentPostprocessing = 0;
		};
/* End PBXFrameworksBuildPhase section */

/* Begin PBXGroup section */
		4ABC6D952892267A009902A7 = {
			isa = PBXGroup;
			children = (
				4ABC6DA02892267A009902A7 /* Tour.it */,
				4ABC6D9F2892267A009902A7 /* Products */,
			);
			sourceTree = "<group>";
		};
		4ABC6D9F2892267A009902A7 /* Products */ = {
			isa = PBXGroup;
			children = (
				4ABC6D9E2892267A009902A7 /* Tour.it.app */,
			);
			name = Products;
			sourceTree = "<group>";
		};
		4ABC6DA02892267A009902A7 /* Tour.it */ = {
			isa = PBXGroup;
			children = (
				4ABC6DBB28922E4A009902A7 /* Extentions */,
				4ABC6DB728922BCA009902A7 /* CustomViews */,
				4ABC6DB628922BBC009902A7 /* Views */,
				4ABC6DB528922BB7009902A7 /* Models */,
				4ABC6DA12892267A009902A7 /* AppDelegate.swift */,
				4ABC6DA32892267A009902A7 /* SceneDelegate.swift */,
				4ABC6DA72892267A009902A7 /* Main.storyboard */,
				4ABC6DAA2892267B009902A7 /* Assets.xcassets */,
				4ABC6DAC2892267B009902A7 /* LaunchScreen.storyboard */,
				4ABC6DAF2892267B009902A7 /* Info.plist */,
			);
			path = Tour.it;
			sourceTree = "<group>";
		};
		4ABC6DB528922BB7009902A7 /* Models */ = {
			isa = PBXGroup;
			children = (
				4ABC6DBE28922F1A009902A7 /* OnboardingSlide.swift */,
			);
			path = Models;
			sourceTree = "<group>";
		};
		4ABC6DB628922BBC009902A7 /* Views */ = {
			isa = PBXGroup;
			children = (
				4ABC6DC228925AA8009902A7 /* Home */,
				4ABC6DB828922BD0009902A7 /* Onboarding */,
			);
			path = Views;
			sourceTree = "<group>";
		};
		4ABC6DB728922BCA009902A7 /* CustomViews */ = {
			isa = PBXGroup;
			children = (
			);
			path = CustomViews;
			sourceTree = "<group>";
		};
		4ABC6DB828922BD0009902A7 /* Onboarding */ = {
			isa = PBXGroup;
			children = (
				4ABC6DB928922BEC009902A7 /* OnboardingViewController.swift */,
				4ABC6DC02892323D009902A7 /* OnboardingCollectionViewCell.swift */,
			);
			path = Onboarding;
			sourceTree = "<group>";
		};
		4ABC6DBB28922E4A009902A7 /* Extentions */ = {
			isa = PBXGroup;
			children = (
				4ABC6DBC28922E62009902A7 /* UIView+Extension.swift */,
			);
			path = Extentions;
			sourceTree = "<group>";
		};
		4ABC6DC228925AA8009902A7 /* Home */ = {
			isa = PBXGroup;
			children = (
				4ABC6DC328925ADF009902A7 /* HomeViewController.swift */,
			);
			path = Home;
			sourceTree = "<group>";
		};
/* End PBXGroup section */

/* Begin PBXNativeTarget section */
		4ABC6D9D2892267A009902A7 /* Tour.it */ = {
			isa = PBXNativeTarget;
			buildConfigurationList = 4ABC6DB22892267B009902A7 /* Build configuration list for PBXNativeTarget "Tour.it" */;
			buildPhases = (
				4ABC6D9A2892267A009902A7 /* Sources */,
				4ABC6D9B2892267A009902A7 /* Frameworks */,
				4ABC6D9C2892267A009902A7 /* Resources */,
			);
			buildRules = (
			);
			dependencies = (
			);
			name = Tour.it;
			productName = Tour.it;
			productReference = 4ABC6D9E2892267A009902A7 /* Tour.it.app */;
			productType = "com.apple.product-type.application";
		};
/* End PBXNativeTarget section */

/* Begin PBXProject section */
		4ABC6D962892267A009902A7 /* Project object */ = {
			isa = PBXProject;
			attributes = {
				BuildIndependentTargetsInParallel = 1;
				LastSwiftUpdateCheck = 1340;
				LastUpgradeCheck = 1340;
				TargetAttributes = {
					4ABC6D9D2892267A009902A7 = {
						CreatedOnToolsVersion = 13.4.1;
					};
				};
			};
			buildConfigurationList = 4ABC6D992892267A009902A7 /* Build configuration list for PBXProject "Tour.it" */;
			compatibilityVersion = "Xcode 13.0";
			developmentRegion = en;
			hasScannedForEncodings = 0;
			knownRegions = (
				en,
				Base,
			);
			mainGroup = 4ABC6D952892267A009902A7;
			productRefGroup = 4ABC6D9F2892267A009902A7 /* Products */;
			projectDirPath = "";
			projectRoot = "";
			targets = (
				4ABC6D9D2892267A009902A7 /* Tour.it */,
			);
		};
/* End PBXProject section */

/* Begin PBXResourcesBuildPhase section */
		4ABC6D9C2892267A009902A7 /* Resources */ = {
			isa = PBXResourcesBuildPhase;
			buildActionMask = 2147483647;
			files = (
				4ABC6DAE2892267B009902A7 /* LaunchScreen.storyboard in Resources */,
				4ABC6DAB2892267B009902A7 /* Assets.xcassets in Resources */,
				4ABC6DA92892267A009902A7 /* Main.storyboard in Resources */,
			);
			runOnlyForDeploymentPostprocessing = 0;
		};
/* End PBXResourcesBuildPhase section */

/* Begin PBXSourcesBuildPhase section */
		4ABC6D9A2892267A009902A7 /* Sources */ = {
			isa = PBXSourcesBuildPhase;
			buildActionMask = 2147483647;
			files = (
				4ABC6DBF28922F1A009902A7 /* OnboardingSlide.swift in Sources */,
				4ABC6DA22892267A009902A7 /* AppDelegate.swift in Sources */,
				4ABC6DA42892267A009902A7 /* SceneDelegate.swift in Sources */,
				4ABC6DBD28922E62009902A7 /* UIView+Extension.swift in Sources */,
				4ABC6DBA28922BED009902A7 /* OnboardingViewController.swift in Sources */,
				4ABC6DC428925ADF009902A7 /* HomeViewController.swift in Sources */,
				4ABC6DC12892323D009902A7 /* OnboardingCollectionViewCell.swift in Sources */,
			);
			runOnlyForDeploymentPostprocessing = 0;
		};
/* End PBXSourcesBuildPhase section */

/* Begin PBXVariantGroup section */
		4ABC6DA72892267A009902A7 /* Main.storyboard */ = {
			isa = PBXVariantGroup;
			children = (
				4ABC6DA82892267A009902A7 /* Base */,
			);
			name = Main.storyboard;
			sourceTree = "<group>";
		};
		4ABC6DAC2892267B009902A7 /* LaunchScreen.storyboard */ = {
			isa = PBXVariantGroup;
			children = (
				4ABC6DAD2892267B009902A7 /* Base */,
			);
			name = LaunchScreen.storyboard;
			sourceTree = "<group>";
		};
/* End PBXVariantGroup section */

/* Begin XCBuildConfiguration section */
		4ABC6DB02892267B009902A7 /* Debug */ = {
			isa = XCBuildConfiguration;
			buildSettings = {
				ALWAYS_SEARCH_USER_PATHS = NO;
				CLANG_ANALYZER_NONNULL = YES;
				CLANG_ANALYZER_NUMBER_OBJECT_CONVERSION = YES_AGGRESSIVE;
				CLANG_CXX_LANGUAGE_STANDARD = "gnu++17";
				CLANG_ENABLE_MODULES = YES;
				CLANG_ENABLE_OBJC_ARC = YES;
				CLANG_ENABLE_OBJC_WEAK = YES;
				CLANG_WARN_BLOCK_CAPTURE_AUTORELEASING = YES;
				CLANG_WARN_BOOL_CONVERSION = YES;
				CLANG_WARN_COMMA = YES;
				CLANG_WARN_CONSTANT_CONVERSION = YES;
				CLANG_WARN_DEPRECATED_OBJC_IMPLEMENTATIONS = YES;
				CLANG_WARN_DIRECT_OBJC_ISA_USAGE = YES_ERROR;
				CLANG_WARN_DOCUMENTATION_COMMENTS = YES;
				CLANG_WARN_EMPTY_BODY = YES;
				CLANG_WARN_ENUM_CONVERSION = YES;
				CLANG_WARN_INFINITE_RECURSION = YES;
				CLANG_WARN_INT_CONVERSION = YES;
				CLANG_WARN_NON_LITERAL_NULL_CONVERSION = YES;
				CLANG_WARN_OBJC_IMPLICIT_RETAIN_SELF = YES;
				CLANG_WARN_OBJC_LITERAL_CONVERSION = YES;
				CLANG_WARN_OBJC_ROOT_CLASS = YES_ERROR;
				CLANG_WARN_QUOTED_INCLUDE_IN_FRAMEWORK_HEADER = YES;
				CLANG_WARN_RANGE_LOOP_ANALYSIS = YES;
				CLANG_WARN_STRICT_PROTOTYPES = YES;
				CLANG_WARN_SUSPICIOUS_MOVE = YES;
				CLANG_WARN_UNGUARDED_AVAILABILITY = YES_AGGRESSIVE;
				CLANG_WARN_UNREACHABLE_CODE = YES;
				CLANG_WARN__DUPLICATE_METHOD_MATCH = YES;
				COPY_PHASE_STRIP = NO;
				DEBUG_INFORMATION_FORMAT = dwarf;
				ENABLE_STRICT_OBJC_MSGSEND = YES;
				ENABLE_TESTABILITY = YES;
				GCC_C_LANGUAGE_STANDARD = gnu11;
				GCC_DYNAMIC_NO_PIC = NO;
				GCC_NO_COMMON_BLOCKS = YES;
				GCC_OPTIMIZATION_LEVEL = 0;
				GCC_PREPROCESSOR_DEFINITIONS = (
					"DEBUG=1",
					"$(inherited)",
				);
				GCC_WARN_64_TO_32_BIT_CONVERSION = YES;
				GCC_WARN_ABOUT_RETURN_TYPE = YES_ERROR;
				GCC_WARN_UNDECLARED_SELECTOR = YES;
				GCC_WARN_UNINITIALIZED_AUTOS = YES_AGGRESSIVE;
				GCC_WARN_UNUSED_FUNCTION = YES;
				GCC_WARN_UNUSED_VARIABLE = YES;
				IPHONEOS_DEPLOYMENT_TARGET = 15.5;
				MTL_ENABLE_DEBUG_INFO = INCLUDE_SOURCE;
				MTL_FAST_MATH = YES;
				ONLY_ACTIVE_ARCH = YES;
				SDKROOT = iphoneos;
				SWIFT_ACTIVE_COMPILATION_CONDITIONS = DEBUG;
				SWIFT_OPTIMIZATION_LEVEL = "-Onone";
			};
			name = Debug;
		};
		4ABC6DB12892267B009902A7 /* Release */ = {
			isa = XCBuildConfiguration;
			buildSettings = {
				ALWAYS_SEARCH_USER_PATHS = NO;
				CLANG_ANALYZER_NONNULL = YES;
				CLANG_ANALYZER_NUMBER_OBJECT_CONVERSION = YES_AGGRESSIVE;
				CLANG_CXX_LANGUAGE_STANDARD = "gnu++17";
				CLANG_ENABLE_MODULES = YES;
				CLANG_ENABLE_OBJC_ARC = YES;
				CLANG_ENABLE_OBJC_WEAK = YES;
				CLANG_WARN_BLOCK_CAPTURE_AUTORELEASING = YES;
				CLANG_WARN_BOOL_CONVERSION = YES;
				CLANG_WARN_COMMA = YES;
				CLANG_WARN_CONSTANT_CONVERSION = YES;
				CLANG_WARN_DEPRECATED_OBJC_IMPLEMENTATIONS = YES;
				CLANG_WARN_DIRECT_OBJC_ISA_USAGE = YES_ERROR;
				CLANG_WARN_DOCUMENTATION_COMMENTS = YES;
				CLANG_WARN_EMPTY_BODY = YES;
				CLANG_WARN_ENUM_CONVERSION = YES;
				CLANG_WARN_INFINITE_RECURSION = YES;
				CLANG_WARN_INT_CONVERSION = YES;
				CLANG_WARN_NON_LITERAL_NULL_CONVERSION = YES;
				CLANG_WARN_OBJC_IMPLICIT_RETAIN_SELF = YES;
				CLANG_WARN_OBJC_LITERAL_CONVERSION = YES;
				CLANG_WARN_OBJC_ROOT_CLASS = YES_ERROR;
				CLANG_WARN_QUOTED_INCLUDE_IN_FRAMEWORK_HEADER = YES;
				CLANG_WARN_RANGE_LOOP_ANALYSIS = YES;
				CLANG_WARN_STRICT_PROTOTYPES = YES;
				CLANG_WARN_SUSPICIOUS_MOVE = YES;
				CLANG_WARN_UNGUARDED_AVAILABILITY = YES_AGGRESSIVE;
				CLANG_WARN_UNREACHABLE_CODE = YES;
				CLANG_WARN__DUPLICATE_METHOD_MATCH = YES;
				COPY_PHASE_STRIP = NO;
				DEBUG_INFORMATION_FORMAT = "dwarf-with-dsym";
				ENABLE_NS_ASSERTIONS = NO;
				ENABLE_STRICT_OBJC_MSGSEND = YES;
				GCC_C_LANGUAGE_STANDARD = gnu11;
				GCC_NO_COMMON_BLOCKS = YES;
				GCC_WARN_64_TO_32_BIT_CONVERSION = YES;
				GCC_WARN_ABOUT_RETURN_TYPE = YES_ERROR;
				GCC_WARN_UNDECLARED_SELECTOR = YES;
				GCC_WARN_UNINITIALIZED_AUTOS = YES_AGGRESSIVE;
				GCC_WARN_UNUSED_FUNCTION = YES;
				GCC_WARN_UNUSED_VARIABLE = YES;
				IPHONEOS_DEPLOYMENT_TARGET = 15.5;
				MTL_ENABLE_DEBUG_INFO = NO;
				MTL_FAST_MATH = YES;
				SDKROOT = iphoneos;
				SWIFT_COMPILATION_MODE = wholemodule;
				SWIFT_OPTIMIZATION_LEVEL = "-O";
				VALIDATE_PRODUCT = YES;
			};
			name = Release;
		};
		4ABC6DB32892267B009902A7 /* Debug */ = {
			isa = XCBuildConfiguration;
			buildSettings = {
				ASSETCATALOG_COMPILER_GLOBAL_ACCENT_COLOR_NAME = AccentColor;
				ASSETCATALOG_COMPILER_INCLUDE_ALL_APPICON_ASSETS = NO;
				CODE_SIGN_STYLE = Automatic;
				CURRENT_PROJECT_VERSION = 1;
				DEVELOPMENT_TEAM = G5LU2QW867;
				GENERATE_INFOPLIST_FILE = YES;
				INFOPLIST_FILE = Tour.it/Info.plist;
				INFOPLIST_KEY_CFBundleDisplayName = Tour.it;
				INFOPLIST_KEY_UIApplicationSupportsIndirectInputEvents = YES;
				INFOPLIST_KEY_UILaunchStoryboardName = LaunchScreen;
				INFOPLIST_KEY_UIMainStoryboardFile = Main;
				INFOPLIST_KEY_UISupportedInterfaceOrientations_iPad = "UIInterfaceOrientationPortrait UIInterfaceOrientationPortraitUpsideDown UIInterfaceOrientationLandscapeLeft UIInterfaceOrientationLandscapeRight";
				INFOPLIST_KEY_UISupportedInterfaceOrientations_iPhone = "UIInterfaceOrientationPortrait UIInterfaceOrientationLandscapeLeft UIInterfaceOrientationLandscapeRight";
				LD_RUNPATH_SEARCH_PATHS = (
					"$(inherited)",
					"@executable_path/Frameworks",
				);
				MARKETING_VERSION = 1.0;
				PRODUCT_BUNDLE_IDENTIFIER = com.etourism.tourit;
				PRODUCT_NAME = "$(TARGET_NAME)";
				SWIFT_EMIT_LOC_STRINGS = YES;
				SWIFT_VERSION = 5.0;
				TARGETED_DEVICE_FAMILY = "1,2";
			};
			name = Debug;
		};
		4ABC6DB42892267B009902A7 /* Release */ = {
			isa = XCBuildConfiguration;
			buildSettings = {
				ASSETCATALOG_COMPILER_GLOBAL_ACCENT_COLOR_NAME = AccentColor;
				ASSETCATALOG_COMPILER_INCLUDE_ALL_APPICON_ASSETS = NO;
				CODE_SIGN_STYLE = Automatic;
				CURRENT_PROJECT_VERSION = 1;
				DEVELOPMENT_TEAM = G5LU2QW867;
				GENERATE_INFOPLIST_FILE = YES;
				INFOPLIST_FILE = Tour.it/Info.plist;
				INFOPLIST_KEY_CFBundleDisplayName = Tour.it;
				INFOPLIST_KEY_UIApplicationSupportsIndirectInputEvents = YES;
				INFOPLIST_KEY_UILaunchStoryboardName = LaunchScreen;
				INFOPLIST_KEY_UIMainStoryboardFile = Main;
				INFOPLIST_KEY_UISupportedInterfaceOrientations_iPad = "UIInterfaceOrientationPortrait UIInterfaceOrientationPortraitUpsideDown UIInterfaceOrientationLandscapeLeft UIInterfaceOrientationLandscapeRight";
				INFOPLIST_KEY_UISupportedInterfaceOrientations_iPhone = "UIInterfaceOrientationPortrait UIInterfaceOrientationLandscapeLeft UIInterfaceOrientationLandscapeRight";
				LD_RUNPATH_SEARCH_PATHS = (
					"$(inherited)",
					"@executable_path/Frameworks",
				);
				MARKETING_VERSION = 1.0;
				PRODUCT_BUNDLE_IDENTIFIER = com.etourism.tourit;
				PRODUCT_NAME = "$(TARGET_NAME)";
				SWIFT_EMIT_LOC_STRINGS = YES;
				SWIFT_VERSION = 5.0;
				TARGETED_DEVICE_FAMILY = "1,2";
			};
			name = Release;
		};
/* End XCBuildConfiguration section */

/* Begin XCConfigurationList section */
		4ABC6D992892267A009902A7 /* Build configuration list for PBXProject "Tour.it" */ = {
			isa = XCConfigurationList;
			buildConfigurations = (
				4ABC6DB02892267B009902A7 /* Debug */,
				4ABC6DB12892267B009902A7 /* Release */,
			);
			defaultConfigurationIsVisible = 0;
			defaultConfigurationName = Release;
		};
		4ABC6DB22892267B009902A7 /* Build configuration list for PBXNativeTarget "Tour.it" */ = {
			isa = XCConfigurationList;
			buildConfigurations = (
				4ABC6DB32892267B009902A7 /* Debug */,
				4ABC6DB42892267B009902A7 /* Release */,
			);
			defaultConfigurationIsVisible = 0;
			defaultConfigurationName = Release;
		};
/* End XCConfigurationList section */
	};
	rootObject = 4ABC6D962892267A009902A7 /* Project object */;
}
